
Microsoft Visual Studio Solution File, Format Version 12.00
# Visual Studio Version 17
VisualStudioVersion = 17.6.33829.357
MinimumVisualStudioVersion = 10.0.40219.1
Project("{FAE04EC0-301F-11D3-BF4B-00C04F79EFBC}") = "Algorithm", "Algorithm.csproj", "{6315F4D9-D3C0-4CAD-952B-55E5F13165A4}"
EndProject
Project("{FAE04EC0-301F-11D3-BF4B-00C04F79EFBC}") = "Exercise", "..\Exercise\Exercise.csproj", "{BAF5CC30-8EFE-4893-AE7B-75719FB142A9}"
EndProject
Global
	GlobalSection(SolutionConfigurationPlatforms) = preSolution
		Debug|Any CPU = Debug|Any CPU
		Release|Any CPU = Release|Any CPU
	EndGlobalSection
	GlobalSection(ProjectConfigurationPlatforms) = postSolution
		{6315F4D9-D3C0-4CAD-952B-55E5F13165A4}.Debug|Any CPU.ActiveCfg = Debug|Any CPU
		{6315F4D9-D3C0-4CAD-952B-55E5F13165A4}.Debug|Any CPU.Build.0 = Debug|Any CPU
		{6315F4D9-D3C0-4CAD-952B-55E5F13165A4}.Release|Any CPU.ActiveCfg = Release|Any CPU
		{6315F4D9-D3C0-4CAD-952B-55E5F13165A4}.Release|Any CPU.Build.0 = Release|Any CPU
		{BAF5CC30-8EFE-4893-AE7B-75719FB142A9}.Debug|Any CPU.ActiveCfg = Debug|Any CPU
		{BAF5CC30-8EFE-4893-AE7B-75719FB142A9}.Debug|Any CPU.Build.0 = Debug|Any CPU
		{BAF5CC30-8EFE-4893-AE7B-75719FB142A9}.Release|Any CPU.ActiveCfg = Release|Any CPU
		{BAF5CC30-8EFE-4893-AE7B-75719FB142A9}.Release|Any CPU.Build.0 = Release|Any CPU
	EndGlobalSection
	GlobalSection(SolutionProperties) = preSolution
		HideSolutionNode = FALSE
	EndGlobalSection
	GlobalSection(ExtensibilityGlobals) = postSolution
		SolutionGuid = {41809615-3EAA-4874-B534-FF0EF846C484}
	EndGlobalSection
EndGlobal
