
Microsoft Visual Studio Solution File, Format Version 12.00
# Visual Studio Version 17
VisualStudioVersion = 17.11.35219.272
MinimumVisualStudioVersion = 10.0.40219.1
Project("{9A19103F-16F7-4668-BE54-9A1E7A4F7556}") = "HelloMVC", "HelloMVC\HelloMVC.csproj", "{E031CB95-6B7C-45D8-9775-5C95D1312CAF}"
EndProject
Project("{9A19103F-16F7-4668-BE54-9A1E7A4F7556}") = "HelloRazor", "HelloRazor\HelloRazor.csproj", "{915998A1-EB1E-4ABF-9E66-0AED056776B3}"
EndProject
Project("{9A19103F-16F7-4668-BE54-9A1E7A4F7556}") = "HelloWebAPI", "HelloWebAPI\HelloWebAPI.csproj", "{2AF1732C-671D-43AC-AC3F-1C84EDCDB45E}"
EndProject
Project("{9A19103F-16F7-4668-BE54-9A1E7A4F7556}") = "HelloEmpty", "HelloEmpty\HelloEmpty.csproj", "{084EEFF9-297D-4BB3-893E-5E861C9F7CAD}"
EndProject
Project("{9A19103F-16F7-4668-BE54-9A1E7A4F7556}") = "HelloBlazorServer", "HelloBlazorServer\HelloBlazorServer.csproj", "{CA3A58ED-791A-47D0-A384-127D4BC46850}"
EndProject
Project("{9A19103F-16F7-4668-BE54-9A1E7A4F7556}") = "HelloBlazorClient", "HelloBlazorClient\HelloBlazorClient.csproj", "{1D6A20F4-5BCC-4CA9-B9AA-496904D99A2C}"
EndProject
Global
	GlobalSection(SolutionConfigurationPlatforms) = preSolution
		Debug|Any CPU = Debug|Any CPU
		Release|Any CPU = Release|Any CPU
	EndGlobalSection
	GlobalSection(ProjectConfigurationPlatforms) = postSolution
		{E031CB95-6B7C-45D8-9775-5C95D1312CAF}.Debug|Any CPU.ActiveCfg = Debug|Any CPU
		{E031CB95-6B7C-45D8-9775-5C95D1312CAF}.Debug|Any CPU.Build.0 = Debug|Any CPU
		{E031CB95-6B7C-45D8-9775-5C95D1312CAF}.Release|Any CPU.ActiveCfg = Release|Any CPU
		{E031CB95-6B7C-45D8-9775-5C95D1312CAF}.Release|Any CPU.Build.0 = Release|Any CPU
		{915998A1-EB1E-4ABF-9E66-0AED056776B3}.Debug|Any CPU.ActiveCfg = Debug|Any CPU
		{915998A1-EB1E-4ABF-9E66-0AED056776B3}.Debug|Any CPU.Build.0 = Debug|Any CPU
		{915998A1-EB1E-4ABF-9E66-0AED056776B3}.Release|Any CPU.ActiveCfg = Release|Any CPU
		{915998A1-EB1E-4ABF-9E66-0AED056776B3}.Release|Any CPU.Build.0 = Release|Any CPU
		{2AF1732C-671D-43AC-AC3F-1C84EDCDB45E}.Debug|Any CPU.ActiveCfg = Debug|Any CPU
		{2AF1732C-671D-43AC-AC3F-1C84EDCDB45E}.Debug|Any CPU.Build.0 = Debug|Any CPU
		{2AF1732C-671D-43AC-AC3F-1C84EDCDB45E}.Release|Any CPU.ActiveCfg = Release|Any CPU
		{2AF1732C-671D-43AC-AC3F-1C84EDCDB45E}.Release|Any CPU.Build.0 = Release|Any CPU
		{084EEFF9-297D-4BB3-893E-5E861C9F7CAD}.Debug|Any CPU.ActiveCfg = Debug|Any CPU
		{084EEFF9-297D-4BB3-893E-5E861C9F7CAD}.Debug|Any CPU.Build.0 = Debug|Any CPU
		{084EEFF9-297D-4BB3-893E-5E861C9F7CAD}.Release|Any CPU.ActiveCfg = Release|Any CPU
		{084EEFF9-297D-4BB3-893E-5E861C9F7CAD}.Release|Any CPU.Build.0 = Release|Any CPU
		{CA3A58ED-791A-47D0-A384-127D4BC46850}.Debug|Any CPU.ActiveCfg = Debug|Any CPU
		{CA3A58ED-791A-47D0-A384-127D4BC46850}.Debug|Any CPU.Build.0 = Debug|Any CPU
		{CA3A58ED-791A-47D0-A384-127D4BC46850}.Release|Any CPU.ActiveCfg = Release|Any CPU
		{CA3A58ED-791A-47D0-A384-127D4BC46850}.Release|Any CPU.Build.0 = Release|Any CPU
		{1D6A20F4-5BCC-4CA9-B9AA-496904D99A2C}.Debug|Any CPU.ActiveCfg = Debug|Any CPU
		{1D6A20F4-5BCC-4CA9-B9AA-496904D99A2C}.Debug|Any CPU.Build.0 = Debug|Any CPU
		{1D6A20F4-5BCC-4CA9-B9AA-496904D99A2C}.Release|Any CPU.ActiveCfg = Release|Any CPU
		{1D6A20F4-5BCC-4CA9-B9AA-496904D99A2C}.Release|Any CPU.Build.0 = Release|Any CPU
	EndGlobalSection
	GlobalSection(SolutionProperties) = preSolution
		HideSolutionNode = FALSE
	EndGlobalSection
	GlobalSection(ExtensibilityGlobals) = postSolution
		SolutionGuid = {B90277E5-A913-4A90-A7AF-5F532E2B4ABA}
	EndGlobalSection
EndGlobal
